
Microsoft Visual Studio Solution File, Format Version 12.00
# Visual Studio Version 16
VisualStudioVersion = 16.0.30320.27
MinimumVisualStudioVersion = 10.0.40219.1
Project("{FAE04EC0-301F-11D3-BF4B-00C04F79EFBC}") = "PartyList", "PartyList.csproj", "{838D5F90-A29F-4382-88AE-C25EE970EB1D}"
EndProject
Global
	GlobalSection(SolutionConfigurationPlatforms) = preSolution
		Debug|Any CPU = Debug|Any CPU
		Release|Any CPU = Release|Any CPU
	EndGlobalSection
	GlobalSection(ProjectConfigurationPlatforms) = postSolution
		{838D5F90-A29F-4382-88AE-C25EE970EB1D}.Debug|Any CPU.ActiveCfg = Debug|Any CPU
		{838D5F90-A29F-4382-88AE-C25EE970EB1D}.Debug|Any CPU.Build.0 = Debug|Any CPU
		{838D5F90-A29F-4382-88AE-C25EE970EB1D}.Release|Any CPU.ActiveCfg = Release|Any CPU
		{838D5F90-A29F-4382-88AE-C25EE970EB1D}.Release|Any CPU.Build.0 = Release|Any CPU
	EndGlobalSection
	GlobalSection(SolutionProperties) = preSolution
		HideSolutionNode = FALSE
	EndGlobalSection
	GlobalSection(ExtensibilityGlobals) = postSolution
		SolutionGuid = {6BC09752-66CF-4DAB-B24C-EF76ED0831D4}
	EndGlobalSection
EndGlobal
